// !$*UTF8*$!
{
	archiveVersion = 1;
	classes = {
	};
	objectVersion = 46;
	objects = {

/* Begin PBXBuildFile section */
		BC3FCA471C76099B00748F91 /* main.m in Sources */ = {isa = PBXBuildFile; fileRef = BC3FCA461C76099B00748F91 /* main.m */; };
		BC3FCA4A1C76099B00748F91 /* AppDelegate.m in Sources */ = {isa = PBXBuildFile; fileRef = BC3FCA491C76099B00748F91 /* AppDelegate.m */; };
		BC3FCA4D1C76099B00748F91 /* ViewController.m in Sources */ = {isa = PBXBuildFile; fileRef = BC3FCA4C1C76099B00748F91 /* ViewController.m */; };
		BC3FCA501C76099B00748F91 /* Main.storyboard in Resources */ = {isa = PBXBuildFile; fileRef = BC3FCA4E1C76099B00748F91 /* Main.storyboard */; };
		BC3FCA521C76099B00748F91 /* Images.xcassets in Resources */ = {isa = PBXBuildFile; fileRef = BC3FCA511C76099B00748F91 /* Images.xcassets */; };
		BC3FCA551C76099B00748F91 /* LaunchScreen.xib in Resources */ = {isa = PBXBuildFile; fileRef = BC3FCA531C76099B00748F91 /* LaunchScreen.xib */; };
		BC3FCA611C76099B00748F91 /* _01Tests.m in Sources */ = {isa = PBXBuildFile; fileRef = BC3FCA601C76099B00748F91 /* _01Tests.m */; };
/* End PBXBuildFile section */

/* Begin PBXContainerItemProxy section */
		BC3FCA5B1C76099B00748F91 /* PBXContainerItemProxy */ = {
			isa = PBXContainerItemProxy;
			containerPortal = BC3FCA391C76099B00748F91 /* Project object */;
			proxyType = 1;
			remoteGlobalIDString = BC3FCA401C76099B00748F91;
			remoteInfo = 001;
		};
/* End PBXContainerItemProxy section */

/* Begin PBXFileReference section */
		BC3FCA411C76099B00748F91 /* 001.app */ = {isa = PBXFileReference; explicitFileType = wrapper.application; includeInIndex = 0; path = 001.app; sourceTree = BUILT_PRODUCTS_DIR; };
		BC3FCA451C76099B00748F91 /* Info.plist */ = {isa = PBXFileReference; lastKnownFileType = text.plist.xml; path = Info.plist; sourceTree = "<group>"; };
		BC3FCA461C76099B00748F91 /* main.m */ = {isa = PBXFileReference; lastKnownFileType = sourcecode.c.objc; path = main.m; sourceTree = "<group>"; };
		BC3FCA481C76099B00748F91 /* AppDelegate.h */ = {isa = PBXFileReference; lastKnownFileType = sourcecode.c.h; path = AppDelegate.h; sourceTree = "<group>"; };
		BC3FCA491C76099B00748F91 /* AppDelegate.m */ = {isa = PBXFileReference; lastKnownFileType = sourcecode.c.objc; path = AppDelegate.m; sourceTree = "<group>"; };
		BC3FCA4B1C76099B00748F91 /* ViewController.h */ = {isa = PBXFileReference; lastKnownFileType = sourcecode.c.h; path = ViewController.h; sourceTree = "<group>"; };
		BC3FCA4C1C76099B00748F91 /* ViewController.m */ = {isa = PBXFileReference; lastKnownFileType = sourcecode.c.objc; path = ViewController.m; sourceTree = "<group>"; };
		BC3FCA4F1C76099B00748F91 /* Base */ = {isa = PBXFileReference; lastKnownFileType = file.storyboard; name = Base; path = Base.lproj/Main.storyboard; sourceTree = "<group>"; };
		BC3FCA511C76099B00748F91 /* Images.xcassets */ = {isa = PBXFileReference; lastKnownFileType = folder.assetcatalog; path = Images.xcassets; sourceTree = "<group>"; };
		BC3FCA541C76099B00748F91 /* Base */ = {isa = PBXFileReference; lastKnownFileType = file.xib; name = Base; path = Base.lproj/LaunchScreen.xib; sourceTree = "<group>"; };
		BC3FCA5A1C76099B00748F91 /* 001Tests.xctest */ = {isa = PBXFileReference; explicitFileType = wrapper.cfbundle; includeInIndex = 0; path = 001Tests.xctest; sourceTree = BUILT_PRODUCTS_DIR; };
		BC3FCA5F1C76099B00748F91 /* Info.plist */ = {isa = PBXFileReference; lastKnownFileType = text.plist.xml; path = Info.plist; sourceTree = "<group>"; };
		BC3FCA601C76099B00748F91 /* _01Tests.m */ = {isa = PBXFileReference; lastKnownFileType = sourcecode.c.objc; path = _01Tests.m; sourceTree = "<group>"; };
/* End PBXFileReference section */

/* Begin PBXFrameworksBuildPhase section */
		BC3FCA3E1C76099B00748F91 /* Frameworks */ = {
			isa = PBXFrameworksBuildPhase;
			buildActionMask = 2147483647;
			files = (
			);
			runOnlyForDeploymentPostprocessing = 0;
		};
		BC3FCA571C76099B00748F91 /* Frameworks */ = {
			isa = PBXFrameworksBuildPhase;
			buildActionMask = 2147483647;
			files = (
			);
			runOnlyForDeploymentPostprocessing = 0;
		};
/* End PBXFrameworksBuildPhase section */

/* Begin PBXGroup section */
		BC3FCA381C76099B00748F91 = {
			isa = PBXGroup;
			children = (
				BC3FCA431C76099B00748F91 /* 001 */,
				BC3FCA5D1C76099B00748F91 /* 001Tests */,
				BC3FCA421C76099B00748F91 /* Products */,
			);
			sourceTree = "<group>";
		};
		BC3FCA421C76099B00748F91 /* Products */ = {
			isa = PBXGroup;
			children = (
				BC3FCA411C76099B00748F91 /* 001.app */,
				BC3FCA5A1C76099B00748F91 /* 001Tests.xctest */,
			);
			name = Products;
			sourceTree = "<group>";
		};
		BC3FCA431C76099B00748F91 /* 001 */ = {
			isa = PBXGroup;
			children = (
				BC3FCA481C76099B00748F91 /* AppDelegate.h */,
				BC3FCA491C76099B00748F91 /* AppDelegate.m */,
				BC3FCA4B1C76099B00748F91 /* ViewController.h */,
				BC3FCA4C1C76099B00748F91 /* ViewController.m */,
				BC3FCA4E1C76099B00748F91 /* Main.storyboard */,
				BC3FCA511C76099B00748F91 /* Images.xcassets */,
				BC3FCA531C76099B00748F91 /* LaunchScreen.xib */,
				BC3FCA441C76099B00748F91 /* Supporting Files */,
			);
			path = 001;
			sourceTree = "<group>";
		};
		BC3FCA441C76099B00748F91 /* Supporting Files */ = {
			isa = PBXGroup;
			children = (
				BC3FCA451C76099B00748F91 /* Info.plist */,
				BC3FCA461C76099B00748F91 /* main.m */,
			);
			name = "Supporting Files";
			sourceTree = "<group>";
		};
		BC3FCA5D1C76099B00748F91 /* 001Tests */ = {
			isa = PBXGroup;
			children = (
				BC3FCA601C76099B00748F91 /* _01Tests.m */,
				BC3FCA5E1C76099B00748F91 /* Supporting Files */,
			);
			path = 001Tests;
			sourceTree = "<group>";
		};
		BC3FCA5E1C76099B00748F91 /* Supporting Files */ = {
			isa = PBXGroup;
			children = (
				BC3FCA5F1C76099B00748F91 /* Info.plist */,
			);
			name = "Supporting Files";
			sourceTree = "<group>";
		};
/* End PBXGroup section */

/* Begin PBXNativeTarget section */
		BC3FCA401C76099B00748F91 /* 001 */ = {
			isa = PBXNativeTarget;
			buildConfigurationList = BC3FCA641C76099B00748F91 /* Build configuration list for PBXNativeTarget "001" */;
			buildPhases = (
				BC3FCA3D1C76099B00748F91 /* Sources */,
				BC3FCA3E1C76099B00748F91 /* Frameworks */,
				BC3FCA3F1C76099B00748F91 /* Resources */,
			);
			buildRules = (
			);
			dependencies = (
			);
			name = 001;
			productName = 001;
			productReference = BC3FCA411C76099B00748F91 /* 001.app */;
			productType = "com.apple.product-type.application";
		};
		BC3FCA591C76099B00748F91 /* 001Tests */ = {
			isa = PBXNativeTarget;
			buildConfigurationList = BC3FCA671C76099B00748F91 /* Build configuration list for PBXNativeTarget "001Tests" */;
			buildPhases = (
				BC3FCA561C76099B00748F91 /* Sources */,
				BC3FCA571C76099B00748F91 /* Frameworks */,
				BC3FCA581C76099B00748F91 /* Resources */,
			);
			buildRules = (
			);
			dependencies = (
				BC3FCA5C1C76099B00748F91 /* PBXTargetDependency */,
			);
			name = 001Tests;
			productName = 001Tests;
			productReference = BC3FCA5A1C76099B00748F91 /* 001Tests.xctest */;
			productType = "com.apple.product-type.bundle.unit-test";
		};
/* End PBXNativeTarget section */

/* Begin PBXProject section */
		BC3FCA391C76099B00748F91 /* Project object */ = {
			isa = PBXProject;
			attributes = {
				LastUpgradeCheck = 0640;
				ORGANIZATIONNAME = hf;
				TargetAttributes = {
					BC3FCA401C76099B00748F91 = {
						CreatedOnToolsVersion = 6.4;
					};
					BC3FCA591C76099B00748F91 = {
						CreatedOnToolsVersion = 6.4;
						TestTargetID = BC3FCA401C76099B00748F91;
					};
				};
			};
			buildConfigurationList = BC3FCA3C1C76099B00748F91 /* Build configuration list for PBXProject "001" */;
			compatibilityVersion = "Xcode 3.2";
			developmentRegion = English;
			hasScannedForEncodings = 0;
			knownRegions = (
				en,
				Base,
			);
			mainGroup = BC3FCA381C76099B00748F91;
			productRefGroup = BC3FCA421C76099B00748F91 /* Products */;
			projectDirPath = "";
			projectRoot = "";
			targets = (
				BC3FCA401C76099B00748F91 /* 001 */,
				BC3FCA591C76099B00748F91 /* 001Tests */,
			);
		};
/* End PBXProject section */

/* Begin PBXResourcesBuildPhase section */
		BC3FCA3F1C76099B00748F91 /* Resources */ = {
			isa = PBXResourcesBuildPhase;
			buildActionMask = 2147483647;
			files = (
				BC3FCA501C76099B00748F91 /* Main.storyboard in Resources */,
				BC3FCA551C76099B00748F91 /* LaunchScreen.xib in Resources */,
				BC3FCA521C76099B00748F91 /* Images.xcassets in Resources */,
			);
			runOnlyForDeploymentPostprocessing = 0;
		};
		BC3FCA581C76099B00748F91 /* Resources */ = {
			isa = PBXResourcesBuildPhase;
			buildActionMask = 2147483647;
			files = (
			);
			runOnlyForDeploymentPostprocessing = 0;
		};
/* End PBXResourcesBuildPhase section */

/* Begin PBXSourcesBuildPhase section */
		BC3FCA3D1C76099B00748F91 /* Sources */ = {
			isa = PBXSourcesBuildPhase;
			buildActionMask = 2147483647;
			files = (
				BC3FCA4D1C76099B00748F91 /* ViewController.m in Sources */,
				BC3FCA4A1C76099B00748F91 /* AppDelegate.m in Sources */,
				BC3FCA471C76099B00748F91 /* main.m in Sources */,
			);
			runOnlyForDeploymentPostprocessing = 0;
		};
		BC3FCA561C76099B00748F91 /* Sources */ = {
			isa = PBXSourcesBuildPhase;
			buildActionMask = 2147483647;
			files = (
				BC3FCA611C76099B00748F91 /* _01Tests.m in Sources */,
			);
			runOnlyForDeploymentPostprocessing = 0;
		};
/* End PBXSourcesBuildPhase section */

/* Begin PBXTargetDependency section */
		BC3FCA5C1C76099B00748F91 /* PBXTargetDependency */ = {
			isa = PBXTargetDependency;
			target = BC3FCA401C76099B00748F91 /* 001 */;
			targetProxy = BC3FCA5B1C76099B00748F91 /* PBXContainerItemProxy */;
		};
/* End PBXTargetDependency section */

/* Begin PBXVariantGroup section */
		BC3FCA4E1C76099B00748F91 /* Main.storyboard */ = {
			isa = PBXVariantGroup;
			children = (
				BC3FCA4F1C76099B00748F91 /* Base */,
			);
			name = Main.storyboard;
			sourceTree = "<group>";
		};
		BC3FCA531C76099B00748F91 /* LaunchScreen.xib */ = {
			isa = PBXVariantGroup;
			children = (
				BC3FCA541C76099B00748F91 /* Base */,
			);
			name = LaunchScreen.xib;
			sourceTree = "<group>";
		};
/* End PBXVariantGroup section */

/* Begin XCBuildConfiguration section */
		BC3FCA621C76099B00748F91 /* Debug */ = {
			isa = XCBuildConfiguration;
			buildSettings = {
				ALWAYS_SEARCH_USER_PATHS = NO;
				CLANG_CXX_LANGUAGE_STANDARD = "gnu++0x";
				CLANG_CXX_LIBRARY = "libc++";
				CLANG_ENABLE_MODULES = YES;
				CLANG_ENABLE_OBJC_ARC = YES;
				CLANG_WARN_BOOL_CONVERSION = YES;
				CLANG_WARN_CONSTANT_CONVERSION = YES;
				CLANG_WARN_DIRECT_OBJC_ISA_USAGE = YES_ERROR;
				CLANG_WARN_EMPTY_BODY = YES;
				CLANG_WARN_ENUM_CONVERSION = YES;
				CLANG_WARN_INT_CONVERSION = YES;
				CLANG_WARN_OBJC_ROOT_CLASS = YES_ERROR;
				CLANG_WARN_UNREACHABLE_CODE = YES;
				CLANG_WARN__DUPLICATE_METHOD_MATCH = YES;
				"CODE_SIGN_IDENTITY[sdk=iphoneos*]" = "iPhone Developer";
				COPY_PHASE_STRIP = NO;
				DEBUG_INFORMATION_FORMAT = "dwarf-with-dsym";
				ENABLE_STRICT_OBJC_MSGSEND = YES;
				GCC_C_LANGUAGE_STANDARD = gnu99;
				GCC_DYNAMIC_NO_PIC = NO;
				GCC_NO_COMMON_BLOCKS = YES;
				GCC_OPTIMIZATION_LEVEL = 0;
				GCC_PREPROCESSOR_DEFINITIONS = (
					"DEBUG=1",
					"$(inherited)",
				);
				GCC_SYMBOLS_PRIVATE_EXTERN = NO;
				GCC_WARN_64_TO_32_BIT_CONVERSION = YES;
				GCC_WARN_ABOUT_RETURN_TYPE = YES_ERROR;
				GCC_WARN_UNDECLARED_SELECTOR = YES;
				GCC_WARN_UNINITIALIZED_AUTOS = YES_AGGRESSIVE;
				GCC_WARN_UNUSED_FUNCTION = YES;
				GCC_WARN_UNUSED_VARIABLE = YES;
				IPHONEOS_DEPLOYMENT_TARGET = 8.4;
				MTL_ENABLE_DEBUG_INFO = YES;
				ONLY_ACTIVE_ARCH = YES;
				SDKROOT = iphoneos;
			};
			name = Debug;
		};
		BC3FCA631C76099B00748F91 /* Release */ = {
			isa = XCBuildConfiguration;
			buildSettings = {
				ALWAYS_SEARCH_USER_PATHS = NO;
				CLANG_CXX_LANGUAGE_STANDARD = "gnu++0x";
				CLANG_CXX_LIBRARY = "libc++";
				CLANG_ENABLE_MODULES = YES;
				CLANG_ENABLE_OBJC_ARC = YES;
				CLANG_WARN_BOOL_CONVERSION = YES;
				CLANG_WARN_CONSTANT_CONVERSION = YES;
				CLANG_WARN_DIRECT_OBJC_ISA_USAGE = YES_ERROR;
				CLANG_WARN_EMPTY_BODY = YES;
				CLANG_WARN_ENUM_CONVERSION = YES;
				CLANG_WARN_INT_CONVERSION = YES;
				CLANG_WARN_OBJC_ROOT_CLASS = YES_ERROR;
				CLANG_WARN_UNREACHABLE_CODE = YES;
				CLANG_WARN__DUPLICATE_METHOD_MATCH = YES;
				"CODE_SIGN_IDENTITY[sdk=iphoneos*]" = "iPhone Developer";
				COPY_PHASE_STRIP = NO;
				DEBUG_INFORMATION_FORMAT = "dwarf-with-dsym";
				ENABLE_NS_ASSERTIONS = NO;
				ENABLE_STRICT_OBJC_MSGSEND = YES;
				GCC_C_LANGUAGE_STANDARD = gnu99;
				GCC_NO_COMMON_BLOCKS = YES;
				GCC_WARN_64_TO_32_BIT_CONVERSION = YES;
				GCC_WARN_ABOUT_RETURN_TYPE = YES_ERROR;
				GCC_WARN_UNDECLARED_SELECTOR = YES;
				GCC_WARN_UNINITIALIZED_AUTOS = YES_AGGRESSIVE;
				GCC_WARN_UNUSED_FUNCTION = YES;
				GCC_WARN_UNUSED_VARIABLE = YES;
				IPHONEOS_DEPLOYMENT_TARGET = 8.4;
				MTL_ENABLE_DEBUG_INFO = NO;
				SDKROOT = iphoneos;
				VALIDATE_PRODUCT = YES;
			};
			name = Release;
		};
		BC3FCA651C76099B00748F91 /* Debug */ = {
			isa = XCBuildConfiguration;
			buildSettings = {
				ASSETCATALOG_COMPILER_APPICON_NAME = AppIcon;
				INFOPLIST_FILE = 001/Info.plist;
				LD_RUNPATH_SEARCH_PATHS = "$(inherited) @executable_path/Frameworks";
				PRODUCT_NAME = "$(TARGET_NAME)";
			};
			name = Debug;
		};
		BC3FCA661C76099B00748F91 /* Release */ = {
			isa = XCBuildConfiguration;
			buildSettings = {
				ASSETCATALOG_COMPILER_APPICON_NAME = AppIcon;
				INFOPLIST_FILE = 001/Info.plist;
				LD_RUNPATH_SEARCH_PATHS = "$(inherited) @executable_path/Frameworks";
				PRODUCT_NAME = "$(TARGET_NAME)";
			};
			name = Release;
		};
		BC3FCA681C76099B00748F91 /* Debug */ = {
			isa = XCBuildConfiguration;
			buildSettings = {
				BUNDLE_LOADER = "$(TEST_HOST)";
				FRAMEWORK_SEARCH_PATHS = (
					"$(SDKROOT)/Developer/Library/Frameworks",
					"$(inherited)",
				);
				GCC_PREPROCESSOR_DEFINITIONS = (
					"DEBUG=1",
					"$(inherited)",
				);
				INFOPLIST_FILE = 001Tests/Info.plist;
				LD_RUNPATH_SEARCH_PATHS = "$(inherited) @executable_path/Frameworks @loader_path/Frameworks";
				PRODUCT_NAME = "$(TARGET_NAME)";
				TEST_HOST = "$(BUILT_PRODUCTS_DIR)/001.app/001";
			};
			name = Debug;
		};
		BC3FCA691C76099B00748F91 /* Release */ = {
			isa = XCBuildConfiguration;
			buildSettings = {
				BUNDLE_LOADER = "$(TEST_HOST)";
				FRAMEWORK_SEARCH_PATHS = (
					"$(SDKROOT)/Developer/Library/Frameworks",
					"$(inherited)",
				);
				INFOPLIST_FILE = 001Tests/Info.plist;
				LD_RUNPATH_SEARCH_PATHS = "$(inherited) @executable_path/Frameworks @loader_path/Frameworks";
				PRODUCT_NAME = "$(TARGET_NAME)";
				TEST_HOST = "$(BUILT_PRODUCTS_DIR)/001.app/001";
			};
			name = Release;
		};
/* End XCBuildConfiguration section */

/* Begin XCConfigurationList section */
		BC3FCA3C1C76099B00748F91 /* Build configuration list for PBXProject "001" */ = {
			isa = XCConfigurationList;
			buildConfigurations = (
				BC3FCA621C76099B00748F91 /* Debug */,
				BC3FCA631C76099B00748F91 /* Release */,
			);
			defaultConfigurationIsVisible = 0;
			defaultConfigurationName = Release;
		};
		BC3FCA641C76099B00748F91 /* Build configuration list for PBXNativeTarget "001" */ = {
			isa = XCConfigurationList;
			buildConfigurations = (
				BC3FCA651C76099B00748F91 /* Debug */,
				BC3FCA661C76099B00748F91 /* Release */,
			);
			defaultConfigurationIsVisible = 0;
		};
		BC3FCA671C76099B00748F91 /* Build configuration list for PBXNativeTarget "001Tests" */ = {
			isa = XCConfigurationList;
			buildConfigurations = (
				BC3FCA681C76099B00748F91 /* Debug */,
				BC3FCA691C76099B00748F91 /* Release */,
			);
			defaultConfigurationIsVisible = 0;
		};
/* End XCConfigurationList section */
	};
	rootObject = BC3FCA391C76099B00748F91 /* Project object */;
}
